Microsoft Visual Studio Solution File, Format Version 12.00
# Visual Studio Version 18
VisualStudioVersion = 18.6.11806.211
MinimumVisualStudioVersion = 10.0.40219.1
Project("{2150E333-8FDC-42A3-9474-1A3956D46DE8}") = "src", "src", "{02EA681E-C7D8-13C7-8484-4AC65E1B71E8}"
EndProject
Project("{2150E333-8FDC-42A3-9474-1A3956D46DE8}") = "Extensions", "Extensions", "{DB40648F-10FC-40EB-8170-10A7A08398E6}"
EndProject
Project("{FAE04EC0-301F-11D3-BF4B-00C04F79EFBC}") = "Proxar.Core", "src\Proxar.Core\Proxar.Core.csproj", "{7766EA70-0A44-BB10-E42D-D2FB3EE36052}"
EndProject
Project("{2150E333-8FDC-42A3-9474-1A3956D46DE8}") = "tools", "tools", "{FA1D907B-2EFE-470C-B8A1-59259CB668DA}"
EndProject
Project("{2150E333-8FDC-42A3-9474-1A3956D46DE8}") = "Analyzer", "Analyzer", "{66BB24A5-8008-4F6B-847C-A18ED6ED918E}"
EndProject
Project("{FAE04EC0-301F-11D3-BF4B-00C04F79EFBC}") = "Proxar.Analyzers", "tools\Analyzer\Analyzer\Proxar.Analyzers.csproj", "{D959B68B-EFF2-E7DF-DF61-37237A215F36}"
EndProject
Project("{FAE04EC0-301F-11D3-BF4B-00C04F79EFBC}") = "Analyzer.Package", "tools\Analyzer\Analyzer.Package\Analyzer.Package.csproj", "{E4391C87-68A1-FE81-E366-30E00D680E19}"
EndProject
Project("{FAE04EC0-301F-11D3-BF4B-00C04F79EFBC}") = "Analyzer.CodeFixes", "tools\Analyzer\Analyzer.CodeFixes\Analyzer.CodeFixes.csproj", "{5092287B-1CE4-0F9E-565A-5BB0315B4C64}"
EndProject
Project("{2150E333-8FDC-42A3-9474-1A3956D46DE8}") = "CodeGenerator", "CodeGenerator", "{0C543F07-590B-46F2-9BBC-8F2DA7348290}"
EndProject
Project("{FAE04EC0-301F-11D3-BF4B-00C04F79EFBC}") = "ServiceSourceGenerator", "tools\CodeGenerator\ServiceFuncGenerator\ServiceSourceGenerator.csproj", "{969269B9-1347-7748-42AA-3C9E498A46DB}"
EndProject
Project("{FAE04EC0-301F-11D3-BF4B-00C04F79EFBC}") = "Proxar.Entity.Generator", "tools\CodeGenerator\Proxar.Entity.Generator\Proxar.Entity.Generator.csproj", "{630DA9ED-63F5-C190-94B0-318E275A33A7}"
EndProject
Project("{2150E333-8FDC-42A3-9474-1A3956D46DE8}") = "tests", "tests", "{3D6E3662-926A-4FB5-BC60-7EA7C13DC205}"
EndProject
Project("{FAE04EC0-301F-11D3-BF4B-00C04F79EFBC}") = "TestShared", "tests\IntegrationTesting\Shared\TestShared.csproj", "{C257CF45-561E-8B93-ACC2-8C6043BA4280}"
EndProject
Project("{2150E333-8FDC-42A3-9474-1A3956D46DE8}") = "IntegrationTesting", "IntegrationTesting", "{32498408-7FD4-401A-B37B-79754A821E3A}"
EndProject
Project("{FAE04EC0-301F-11D3-BF4B-00C04F79EFBC}") = "MemoryLeakTests", "tests\IntegrationTesting\MemoryLeakTests\MemoryLeakTests.csproj", "{184B4BA6-FD54-3A73-05B5-845DB01B7789}"
EndProject
Project("{FAE04EC0-301F-11D3-BF4B-00C04F79EFBC}") = "ServiceIntegrationTesting", "tests\IntegrationTesting\ServiceIntegrationTesting\ServiceIntegrationTesting.csproj", "{E3C15EAC-A1C8-93BC-540B-2A92D79CF6CC}"
EndProject
Project("{FAE04EC0-301F-11D3-BF4B-00C04F79EFBC}") = "ServiceFrameUnitTest", "tests\UnitTest\ServiceFrameUnitTest\ServiceFrameUnitTest.csproj", "{C04FA99E-D019-EB07-5D6E-518931378541}"
EndProject
Project("{2150E333-8FDC-42A3-9474-1A3956D46DE8}") = "examples", "examples", "{6622C3AF-5E76-4ADE-9FFA-46D2643E184D}"
EndProject
Project("{FAE04EC0-301F-11D3-BF4B-00C04F79EFBC}") = "Proxar.Abstractions", "src\Proxar.Abstractions\Proxar.Abstractions.csproj", "{DC0B36C8-C15D-8E94-6E55-FDB19DBDD060}"
EndProject
Project("{FAE04EC0-301F-11D3-BF4B-00C04F79EFBC}") = "QuickStartDemo", "examples\Demo\QuickStartDemo.csproj", "{07FCF1AE-3073-46CB-83F8-86B7A2CA56E3}"
EndProject
Global
	GlobalSection(SolutionConfigurationPlatforms) = preSolution
		Debug|Any CPU = Debug|Any CPU
		Release|Any CPU = Release|Any CPU
	EndGlobalSection
	GlobalSection(ProjectConfigurationPlatforms) = postSolution
		{7766EA70-0A44-BB10-E42D-D2FB3EE36052}.Debug|Any CPU.ActiveCfg = Debug|Any CPU
		{7766EA70-0A44-BB10-E42D-D2FB3EE36052}.Debug|Any CPU.Build.0 = Debug|Any CPU
		{7766EA70-0A44-BB10-E42D-D2FB3EE36052}.Release|Any CPU.ActiveCfg = Release|Any CPU
		{7766EA70-0A44-BB10-E42D-D2FB3EE36052}.Release|Any CPU.Build.0 = Release|Any CPU
		{D959B68B-EFF2-E7DF-DF61-37237A215F36}.Debug|Any CPU.ActiveCfg = Debug|Any CPU
		{D959B68B-EFF2-E7DF-DF61-37237A215F36}.Debug|Any CPU.Build.0 = Debug|Any CPU
		{D959B68B-EFF2-E7DF-DF61-37237A215F36}.Release|Any CPU.ActiveCfg = Release|Any CPU
		{D959B68B-EFF2-E7DF-DF61-37237A215F36}.Release|Any CPU.Build.0 = Release|Any CPU
		{E4391C87-68A1-FE81-E366-30E00D680E19}.Debug|Any CPU.ActiveCfg = Debug|Any CPU
		{E4391C87-68A1-FE81-E366-30E00D680E19}.Debug|Any CPU.Build.0 = Debug|Any CPU
		{E4391C87-68A1-FE81-E366-30E00D680E19}.Release|Any CPU.ActiveCfg = Release|Any CPU
		{E4391C87-68A1-FE81-E366-30E00D680E19}.Release|Any CPU.Build.0 = Release|Any CPU
		{5092287B-1CE4-0F9E-565A-5BB0315B4C64}.Debug|Any CPU.ActiveCfg = Debug|Any CPU
		{5092287B-1CE4-0F9E-565A-5BB0315B4C64}.Debug|Any CPU.Build.0 = Debug|Any CPU
		{5092287B-1CE4-0F9E-565A-5BB0315B4C64}.Release|Any CPU.ActiveCfg = Release|Any CPU
		{5092287B-1CE4-0F9E-565A-5BB0315B4C64}.Release|Any CPU.Build.0 = Release|Any CPU
		{969269B9-1347-7748-42AA-3C9E498A46DB}.Debug|Any CPU.ActiveCfg = Debug|Any CPU
		{969269B9-1347-7748-42AA-3C9E498A46DB}.Debug|Any CPU.Build.0 = Debug|Any CPU
		{969269B9-1347-7748-42AA-3C9E498A46DB}.Release|Any CPU.ActiveCfg = Release|Any CPU
		{969269B9-1347-7748-42AA-3C9E498A46DB}.Release|Any CPU.Build.0 = Release|Any CPU
		{630DA9ED-63F5-C190-94B0-318E275A33A7}.Debug|Any CPU.ActiveCfg = Debug|Any CPU
		{630DA9ED-63F5-C190-94B0-318E275A33A7}.Debug|Any CPU.Build.0 = Debug|Any CPU
		{630DA9ED-63F5-C190-94B0-318E275A33A7}.Release|Any CPU.ActiveCfg = Release|Any CPU
		{630DA9ED-63F5-C190-94B0-318E275A33A7}.Release|Any CPU.Build.0 = Release|Any CPU
		{C257CF45-561E-8B93-ACC2-8C6043BA4280}.Debug|Any CPU.ActiveCfg = Debug|Any CPU
		{C257CF45-561E-8B93-ACC2-8C6043BA4280}.Debug|Any CPU.Build.0 = Debug|Any CPU
		{C257CF45-561E-8B93-ACC2-8C6043BA4280}.Release|Any CPU.ActiveCfg = Release|Any CPU
		{C257CF45-561E-8B93-ACC2-8C6043BA4280}.Release|Any CPU.Build.0 = Release|Any CPU
		{184B4BA6-FD54-3A73-05B5-845DB01B7789}.Debug|Any CPU.ActiveCfg = Debug|Any CPU
		{184B4BA6-FD54-3A73-05B5-845DB01B7789}.Debug|Any CPU.Build.0 = Debug|Any CPU
		{184B4BA6-FD54-3A73-05B5-845DB01B7789}.Release|Any CPU.ActiveCfg = Release|Any CPU
		{184B4BA6-FD54-3A73-05B5-845DB01B7789}.Release|Any CPU.Build.0 = Release|Any CPU
		{E3C15EAC-A1C8-93BC-540B-2A92D79CF6CC}.Debug|Any CPU.ActiveCfg = Debug|Any CPU
		{E3C15EAC-A1C8-93BC-540B-2A92D79CF6CC}.Debug|Any CPU.Build.0 = Debug|Any CPU
		{E3C15EAC-A1C8-93BC-540B-2A92D79CF6CC}.Release|Any CPU.ActiveCfg = Release|Any CPU
		{E3C15EAC-A1C8-93BC-540B-2A92D79CF6CC}.Release|Any CPU.Build.0 = Release|Any CPU
		{C04FA99E-D019-EB07-5D6E-518931378541}.Debug|Any CPU.ActiveCfg = Debug|Any CPU
		{C04FA99E-D019-EB07-5D6E-518931378541}.Debug|Any CPU.Build.0 = Debug|Any CPU
		{C04FA99E-D019-EB07-5D6E-518931378541}.Release|Any CPU.ActiveCfg = Release|Any CPU
		{C04FA99E-D019-EB07-5D6E-518931378541}.Release|Any CPU.Build.0 = Release|Any CPU
		{DC0B36C8-C15D-8E94-6E55-FDB19DBDD060}.Debug|Any CPU.ActiveCfg = Debug|Any CPU
		{DC0B36C8-C15D-8E94-6E55-FDB19DBDD060}.Debug|Any CPU.Build.0 = Debug|Any CPU
		{DC0B36C8-C15D-8E94-6E55-FDB19DBDD060}.Release|Any CPU.ActiveCfg = Release|Any CPU
		{DC0B36C8-C15D-8E94-6E55-FDB19DBDD060}.Release|Any CPU.Build.0 = Release|Any CPU
		{07FCF1AE-3073-46CB-83F8-86B7A2CA56E3}.Debug|Any CPU.ActiveCfg = Debug|Any CPU
		{07FCF1AE-3073-46CB-83F8-86B7A2CA56E3}.Debug|Any CPU.Build.0 = Debug|Any CPU
		{07FCF1AE-3073-46CB-83F8-86B7A2CA56E3}.Release|Any CPU.ActiveCfg = Release|Any CPU
		{07FCF1AE-3073-46CB-83F8-86B7A2CA56E3}.Release|Any CPU.Build.0 = Release|Any CPU
	EndGlobalSection
	GlobalSection(SolutionProperties) = preSolution
		HideSolutionNode = FALSE
	EndGlobalSection
	GlobalSection(NestedProjects) = preSolution
		{DB40648F-10FC-40EB-8170-10A7A08398E6} = {02EA681E-C7D8-13C7-8484-4AC65E1B71E8}
		{7766EA70-0A44-BB10-E42D-D2FB3EE36052} = {02EA681E-C7D8-13C7-8484-4AC65E1B71E8}
		{66BB24A5-8008-4F6B-847C-A18ED6ED918E} = {FA1D907B-2EFE-470C-B8A1-59259CB668DA}
		{D959B68B-EFF2-E7DF-DF61-37237A215F36} = {66BB24A5-8008-4F6B-847C-A18ED6ED918E}
		{E4391C87-68A1-FE81-E366-30E00D680E19} = {66BB24A5-8008-4F6B-847C-A18ED6ED918E}
		{5092287B-1CE4-0F9E-565A-5BB0315B4C64} = {66BB24A5-8008-4F6B-847C-A18ED6ED918E}
		{0C543F07-590B-46F2-9BBC-8F2DA7348290} = {FA1D907B-2EFE-470C-B8A1-59259CB668DA}
		{969269B9-1347-7748-42AA-3C9E498A46DB} = {0C543F07-590B-46F2-9BBC-8F2DA7348290}
		{630DA9ED-63F5-C190-94B0-318E275A33A7} = {0C543F07-590B-46F2-9BBC-8F2DA7348290}
		{C257CF45-561E-8B93-ACC2-8C6043BA4280} = {32498408-7FD4-401A-B37B-79754A821E3A}
		{32498408-7FD4-401A-B37B-79754A821E3A} = {3D6E3662-926A-4FB5-BC60-7EA7C13DC205}
		{184B4BA6-FD54-3A73-05B5-845DB01B7789} = {32498408-7FD4-401A-B37B-79754A821E3A}
		{E3C15EAC-A1C8-93BC-540B-2A92D79CF6CC} = {32498408-7FD4-401A-B37B-79754A821E3A}
		{C04FA99E-D019-EB07-5D6E-518931378541} = {3D6E3662-926A-4FB5-BC60-7EA7C13DC205}
		{DC0B36C8-C15D-8E94-6E55-FDB19DBDD060} = {02EA681E-C7D8-13C7-8484-4AC65E1B71E8}
		{07FCF1AE-3073-46CB-83F8-86B7A2CA56E3} = {6622C3AF-5E76-4ADE-9FFA-46D2643E184D}
	EndGlobalSection
	GlobalSection(ExtensibilityGlobals) = postSolution
		SolutionGuid = {8D196C05-B01E-4D4C-8168-81BEBA88E284}
	EndGlobalSection
EndGlobal
